# THIS IS AN AUTOGENERATED FILE. DO NOT EDIT THIS FILE DIRECTLY.
# yarn lockfile v1


"@prettier/plugin-ruby@^2.0.0":
  version "2.0.0"
  resolved "https://registry.yarnpkg.com/@prettier/plugin-ruby/-/plugin-ruby-2.0.0.tgz#a9f2d4183b56a9db9f80bbc685832a3b78685793"
  integrity sha512-pA0rjTi5J7cT86XPNhXp7CpdV2Tlyj5oqDIsnQRxMu2P7LY2KJI/pyOSM8pzTH8BgRyQfe1P1NPCcTwxUnUWtQ==
  dependencies:
    prettier ">=2.3.0"

prettier@>=2.3.0, prettier@^2.5.1:
  version "2.5.1"
  resolved "https://registry.yarnpkg.com/prettier/-/prettier-2.5.1.tgz#fff75fa9d519c54cf0fce328c1017d94546bc56a"
  integrity sha512-vBZcPRUR5MZJwoyi3ZoyQlc1rXeEck8KgeC9AwwOn+exuxLxq5toTRDTSaVrXHxelDMHy9zlicw8u66yxoSUFg==
